// !$*UTF8*$!
{
	archiveVersion = 1;
	classes = {
	};
	objectVersion = 46;
	objects = {

/* Begin PBXBuildFile section */
		C27C2B821C852F7200C80BAB /* main.m in Sources */ = {isa = PBXBuildFile; fileRef = C27C2B811C852F7200C80BAB /* main.m */; };
		C27C2B851C852F7200C80BAB /* AppDelegate.m in Sources */ = {isa = PBXBuildFile; fileRef = C27C2B841C852F7200C80BAB /* AppDelegate.m */; };
		C27C2B881C852F7200C80BAB /* ViewController.m in Sources */ = {isa = PBXBuildFile; fileRef = C27C2B871C852F7200C80BAB /* ViewController.m */; };
		C27C2B8B1C852F7200C80BAB /* Main.storyboard in Resources */ = {isa = PBXBuildFile; fileRef = C27C2B891C852F7200C80BAB /* Main.storyboard */; };
		C27C2B8D1C852F7200C80BAB /* Assets.xcassets in Resources */ = {isa = PBXBuildFile; fileRef = C27C2B8C1C852F7200C80BAB /* Assets.xcassets */; };
		C27C2B901C852F7200C80BAB /* LaunchScreen.storyboard in Resources */ = {isa = PBXBuildFile; fileRef = C27C2B8E1C852F7200C80BAB /* LaunchScreen.storyboard */; };
/* End PBXBuildFile section */

/* Begin PBXFileReference section */
		C27C2B7D1C852F7200C80BAB /* TriS.app */ = {isa = PBXFileReference; explicitFileType = wrapper.application; includeInIndex = 0; path = TriS.app; sourceTree = BUILT_PRODUCTS_DIR; };
		C27C2B811C852F7200C80BAB /* main.m */ = {isa = PBXFileReference; lastKnownFileType = sourcecode.c.objc; path = main.m; sourceTree = "<group>"; };
		C27C2B831C852F7200C80BAB /* AppDelegate.h */ = {isa = PBXFileReference; lastKnownFileType = sourcecode.c.h; path = AppDelegate.h; sourceTree = "<group>"; };
		C27C2B841C852F7200C80BAB /* AppDelegate.m */ = {isa = PBXFileReference; lastKnownFileType = sourcecode.c.objc; path = AppDelegate.m; sourceTree = "<group>"; };
		C27C2B861C852F7200C80BAB /* ViewController.h */ = {isa = PBXFileReference; lastKnownFileType = sourcecode.c.h; path = ViewController.h; sourceTree = "<group>"; };
		C27C2B871C852F7200C80BAB /* ViewController.m */ = {isa = PBXFileReference; lastKnownFileType = sourcecode.c.objc; path = ViewController.m; sourceTree = "<group>"; };
		C27C2B8A1C852F7200C80BAB /* Base */ = {isa = PBXFileReference; lastKnownFileType = file.storyboard; name = Base; path = Base.lproj/Main.storyboard; sourceTree = "<group>"; };
		C27C2B8C1C852F7200C80BAB /* Assets.xcassets */ = {isa = PBXFileReference; lastKnownFileType = folder.assetcatalog; path = Assets.xcassets; sourceTree = "<group>"; };
		C27C2B8F1C852F7200C80BAB /* Base */ = {isa = PBXFileReference; lastKnownFileType = file.storyboard; name = Base; path = Base.lproj/LaunchScreen.storyboard; sourceTree = "<group>"; };
		C27C2B911C852F7200C80BAB /* Info.plist */ = {isa = PBXFileReference; lastKnownFileType = text.plist.xml; path = Info.plist; sourceTree = "<group>"; };
/* End PBXFileReference section */

/* Begin PBXFrameworksBuildPhase section */
		C27C2B7A1C852F7200C80BAB /* Frameworks */ = {
			isa = PBXFrameworksBuildPhase;
			buildActionMask = 2147483647;
			files = (
			);
			runOnlyForDeploymentPostprocessing = 0;
		};
/* End PBXFrameworksBuildPhase section */

/* Begin PBXGroup section */
		C27C2B741C852F7200C80BAB = {
			isa = PBXGroup;
			children = (
				C27C2B7F1C852F7200C80BAB /* TriS */,
				C27C2B7E1C852F7200C80BAB /* Products */,
			);
			sourceTree = "<group>";
		};
		C27C2B7E1C852F7200C80BAB /* Products */ = {
			isa = PBXGroup;
			children = (
				C27C2B7D1C852F7200C80BAB /* TriS.app */,
			);
			name = Products;
			sourceTree = "<group>";
		};
		C27C2B7F1C852F7200C80BAB /* TriS */ = {
			isa = PBXGroup;
			children = (
				C27C2B831C852F7200C80BAB /* AppDelegate.h */,
				C27C2B841C852F7200C80BAB /* AppDelegate.m */,
				C27C2B861C852F7200C80BAB /* ViewController.h */,
				C27C2B871C852F7200C80BAB /* ViewController.m */,
				C27C2B891C852F7200C80BAB /* Main.storyboard */,
				C27C2B8C1C852F7200C80BAB /* Assets.xcassets */,
				C27C2B8E1C852F7200C80BAB /* LaunchScreen.storyboard */,
				C27C2B911C852F7200C80BAB /* Info.plist */,
				C27C2B801C852F7200C80BAB /* Supporting Files */,
			);
			path = TriS;
			sourceTree = "<group>";
		};
		C27C2B801C852F7200C80BAB /* Supporting Files */ = {
			isa = PBXGroup;
			children = (
				C27C2B811C852F7200C80BAB /* main.m */,
			);
			name = "Supporting Files";
			sourceTree = "<group>";
		};
/* End PBXGroup section */

/* Begin PBXNativeTarget section */
		C27C2B7C1C852F7200C80BAB /* TriS */ = {
			isa = PBXNativeTarget;
			buildConfigurationList = C27C2B941C852F7200C80BAB /* Build configuration list for PBXNativeTarget "TriS" */;
			buildPhases = (
				C27C2B791C852F7200C80BAB /* Sources */,
				C27C2B7A1C852F7200C80BAB /* Frameworks */,
				C27C2B7B1C852F7200C80BAB /* Resources */,
			);
			buildRules = (
			);
			dependencies = (
			);
			name = TriS;
			productName = TriS;
			productReference = C27C2B7D1C852F7200C80BAB /* TriS.app */;
			productType = "com.apple.product-type.application";
		};
/* End PBXNativeTarget section */

/* Begin PBXProject section */
		C27C2B751C852F7200C80BAB /* Project object */ = {
			isa = PBXProject;
			attributes = {
				LastUpgradeCheck = 0700;
				ORGANIZATIONNAME = 3Singles;
				TargetAttributes = {
					C27C2B7C1C852F7200C80BAB = {
						CreatedOnToolsVersion = 7.0;
					};
				};
			};
			buildConfigurationList = C27C2B781C852F7200C80BAB /* Build configuration list for PBXProject "TriS" */;
			compatibilityVersion = "Xcode 3.2";
			developmentRegion = English;
			hasScannedForEncodings = 0;
			knownRegions = (
				en,
				Base,
			);
			mainGroup = C27C2B741C852F7200C80BAB;
			productRefGroup = C27C2B7E1C852F7200C80BAB /* Products */;
			projectDirPath = "";
			projectRoot = "";
			targets = (
				C27C2B7C1C852F7200C80BAB /* TriS */,
			);
		};
/* End PBXProject section */

/* Begin PBXResourcesBuildPhase section */
		C27C2B7B1C852F7200C80BAB /* Resources */ = {
			isa = PBXResourcesBuildPhase;
			buildActionMask = 2147483647;
			files = (
				C27C2B901C852F7200C80BAB /* LaunchScreen.storyboard in Resources */,
				C27C2B8D1C852F7200C80BAB /* Assets.xcassets in Resources */,
				C27C2B8B1C852F7200C80BAB /* Main.storyboard in Resources */,
			);
			runOnlyForDeploymentPostprocessing = 0;
		};
/* End PBXResourcesBuildPhase section */

/* Begin PBXSourcesBuildPhase section */
		C27C2B791C852F7200C80BAB /* Sources */ = {
			isa = PBXSourcesBuildPhase;
			buildActionMask = 2147483647;
			files = (
				C27C2B881C852F7200C80BAB /* ViewController.m in Sources */,
				C27C2B851C852F7200C80BAB /* AppDelegate.m in Sources */,
				C27C2B821C852F7200C80BAB /* main.m in Sources */,
			);
			runOnlyForDeploymentPostprocessing = 0;
		};
/* End PBXSourcesBuildPhase section */

/* Begin PBXVariantGroup section */
		C27C2B891C852F7200C80BAB /* Main.storyboard */ = {
			isa = PBXVariantGroup;
			children = (
				C27C2B8A1C852F7200C80BAB /* Base */,
			);
			name = Main.storyboard;
			sourceTree = "<group>";
		};
		C27C2B8E1C852F7200C80BAB /* LaunchScreen.storyboard */ = {
			isa = PBXVariantGroup;
			children = (
				C27C2B8F1C852F7200C80BAB /* Base */,
			);
			name = LaunchScreen.storyboard;
			sourceTree = "<group>";
		};
/* End PBXVariantGroup section */

/* Begin XCBuildConfiguration section */
		C27C2B921C852F7200C80BAB /* Debug */ = {
			isa = XCBuildConfiguration;
			buildSettings = {
				ALWAYS_SEARCH_USER_PATHS = NO;
				CLANG_CXX_LANGUAGE_STANDARD = "gnu++0x";
				CLANG_CXX_LIBRARY = "libc++";
				CLANG_ENABLE_MODULES = YES;
				CLANG_ENABLE_OBJC_ARC = YES;
				CLANG_WARN_BOOL_CONVERSION = YES;
				CLANG_WARN_CONSTANT_CONVERSION = YES;
				CLANG_WARN_DIRECT_OBJC_ISA_USAGE = YES_ERROR;
				CLANG_WARN_EMPTY_BODY = YES;
				CLANG_WARN_ENUM_CONVERSION = YES;
				CLANG_WARN_INT_CONVERSION = YES;
				CLANG_WARN_OBJC_ROOT_CLASS = YES_ERROR;
				CLANG_WARN_UNREACHABLE_CODE = YES;
				CLANG_WARN__DUPLICATE_METHOD_MATCH = YES;
				"CODE_SIGN_IDENTITY[sdk=iphoneos*]" = "iPhone Developer";
				COPY_PHASE_STRIP = NO;
				DEBUG_INFORMATION_FORMAT = dwarf;
				ENABLE_STRICT_OBJC_MSGSEND = YES;
				ENABLE_TESTABILITY = YES;
				GCC_C_LANGUAGE_STANDARD = gnu99;
				GCC_DYNAMIC_NO_PIC = NO;
				GCC_NO_COMMON_BLOCKS = YES;
				GCC_OPTIMIZATION_LEVEL = 0;
				GCC_PREPROCESSOR_DEFINITIONS = (
					"DEBUG=1",
					"$(inherited)",
				);
				GCC_WARN_64_TO_32_BIT_CONVERSION = YES;
				GCC_WARN_ABOUT_RETURN_TYPE = YES_ERROR;
				GCC_WARN_UNDECLARED_SELECTOR = YES;
				GCC_WARN_UNINITIALIZED_AUTOS = YES_AGGRESSIVE;
				GCC_WARN_UNUSED_FUNCTION = YES;
				GCC_WARN_UNUSED_VARIABLE = YES;
				IPHONEOS_DEPLOYMENT_TARGET = 9.0;
				MTL_ENABLE_DEBUG_INFO = YES;
				ONLY_ACTIVE_ARCH = YES;
				SDKROOT = iphoneos;
			};
			name = Debug;
		};
		C27C2B931C852F7200C80BAB /* Release */ = {
			isa = XCBuildConfiguration;
			buildSettings = {
				ALWAYS_SEARCH_USER_PATHS = NO;
				CLANG_CXX_LANGUAGE_STANDARD = "gnu++0x";
				CLANG_CXX_LIBRARY = "libc++";
				CLANG_ENABLE_MODULES = YES;
				CLANG_ENABLE_OBJC_ARC = YES;
				CLANG_WARN_BOOL_CONVERSION = YES;
				CLANG_WARN_CONSTANT_CONVERSION = YES;
				CLANG_WARN_DIRECT_OBJC_ISA_USAGE = YES_ERROR;
				CLANG_WARN_EMPTY_BODY = YES;
				CLANG_WARN_ENUM_CONVERSION = YES;
				CLANG_WARN_INT_CONVERSION = YES;
				CLANG_WARN_OBJC_ROOT_CLASS = YES_ERROR;
				CLANG_WARN_UNREACHABLE_CODE = YES;
				CLANG_WARN__DUPLICATE_METHOD_MATCH = YES;
				"CODE_SIGN_IDENTITY[sdk=iphoneos*]" = "iPhone Developer";
				COPY_PHASE_STRIP = NO;
				DEBUG_INFORMATION_FORMAT = "dwarf-with-dsym";
				ENABLE_NS_ASSERTIONS = NO;
				ENABLE_STRICT_OBJC_MSGSEND = YES;
				GCC_C_LANGUAGE_STANDARD = gnu99;
				GCC_NO_COMMON_BLOCKS = YES;
				GCC_WARN_64_TO_32_BIT_CONVERSION = YES;
				GCC_WARN_ABOUT_RETURN_TYPE = YES_ERROR;
				GCC_WARN_UNDECLARED_SELECTOR = YES;
				GCC_WARN_UNINITIALIZED_AUTOS = YES_AGGRESSIVE;
				GCC_WARN_UNUSED_FUNCTION = YES;
				GCC_WARN_UNUSED_VARIABLE = YES;
				IPHONEOS_DEPLOYMENT_TARGET = 9.0;
				MTL_ENABLE_DEBUG_INFO = NO;
				SDKROOT = iphoneos;
				VALIDATE_PRODUCT = YES;
			};
			name = Release;
		};
		C27C2B951C852F7200C80BAB /* Debug */ = {
			isa = XCBuildConfiguration;
			buildSettings = {
				ASSETCATALOG_COMPILER_APPICON_NAME = AppIcon;
				INFOPLIST_FILE = TriS/Info.plist;
				LD_RUNPATH_SEARCH_PATHS = "$(inherited) @executable_path/Frameworks";
				PRODUCT_BUNDLE_IDENTIFIER = com.3Singles.www.TriS;
				PRODUCT_NAME = "$(TARGET_NAME)";
			};
			name = Debug;
		};
		C27C2B961C852F7200C80BAB /* Release */ = {
			isa = XCBuildConfiguration;
			buildSettings = {
				ASSETCATALOG_COMPILER_APPICON_NAME = AppIcon;
				INFOPLIST_FILE = TriS/Info.plist;
				LD_RUNPATH_SEARCH_PATHS = "$(inherited) @executable_path/Frameworks";
				PRODUCT_BUNDLE_IDENTIFIER = com.3Singles.www.TriS;
				PRODUCT_NAME = "$(TARGET_NAME)";
			};
			name = Release;
		};
/* End XCBuildConfiguration section */

/* Begin XCConfigurationList section */
		C27C2B781C852F7200C80BAB /* Build configuration list for PBXProject "TriS" */ = {
			isa = XCConfigurationList;
			buildConfigurations = (
				C27C2B921C852F7200C80BAB /* Debug */,
				C27C2B931C852F7200C80BAB /* Release */,
			);
			defaultConfigurationIsVisible = 0;
			defaultConfigurationName = Release;
		};
		C27C2B941C852F7200C80BAB /* Build configuration list for PBXNativeTarget "TriS" */ = {
			isa = XCConfigurationList;
			buildConfigurations = (
				C27C2B951C852F7200C80BAB /* Debug */,
				C27C2B961C852F7200C80BAB /* Release */,
			);
			defaultConfigurationIsVisible = 0;
		};
/* End XCConfigurationList section */
	};
	rootObject = C27C2B751C852F7200C80BAB /* Project object */;
}
