// !$*UTF8*$!
{
	archiveVersion = 1;
	classes = {
	};
	objectVersion = 46;
	objects = {

/* Begin PBXBuildFile section */
		C27C2C411C853E5F00C80BAB /* main.m in Sources */ = {isa = PBXBuildFile; fileRef = C27C2C401C853E5F00C80BAB /* main.m */; };
		C27C2C4A1C853E5F00C80BAB /* Main.storyboard in Resources */ = {isa = PBXBuildFile; fileRef = C27C2C481C853E5F00C80BAB /* Main.storyboard */; };
		C27C2C4D1C853E5F00C80BAB /* TriS.xcdatamodeld in Sources */ = {isa = PBXBuildFile; fileRef = C27C2C4B1C853E5F00C80BAB /* TriS.xcdatamodeld */; };
		C27C2C4F1C853E5F00C80BAB /* Assets.xcassets in Resources */ = {isa = PBXBuildFile; fileRef = C27C2C4E1C853E5F00C80BAB /* Assets.xcassets */; };
		C27C2C521C853E5F00C80BAB /* LaunchScreen.storyboard in Resources */ = {isa = PBXBuildFile; fileRef = C27C2C501C853E5F00C80BAB /* LaunchScreen.storyboard */; };
		C27C2C631C853ED800C80BAB /* AppDelegate.m in Sources */ = {isa = PBXBuildFile; fileRef = C27C2C5B1C853ED800C80BAB /* AppDelegate.m */; settings = {ASSET_TAGS = (); }; };
		C27C2C641C853ED800C80BAB /* ViewController.m in Sources */ = {isa = PBXBuildFile; fileRef = C27C2C5E1C853ED800C80BAB /* ViewController.m */; settings = {ASSET_TAGS = (); }; };
		C27C2C671C85674700C80BAB /* zhanweitu.jpg in Resources */ = {isa = PBXBuildFile; fileRef = C27C2C661C85674700C80BAB /* zhanweitu.jpg */; settings = {ASSET_TAGS = (); }; };
		C27C2C701C85990900C80BAB /* Chat.png in Resources */ = {isa = PBXBuildFile; fileRef = C27C2C6C1C85990900C80BAB /* Chat.png */; settings = {ASSET_TAGS = (); }; };
		C27C2C711C85990900C80BAB /* Img.png in Resources */ = {isa = PBXBuildFile; fileRef = C27C2C6D1C85990900C80BAB /* Img.png */; settings = {ASSET_TAGS = (); }; };
		C27C2C721C85990900C80BAB /* Joke.png in Resources */ = {isa = PBXBuildFile; fileRef = C27C2C6E1C85990900C80BAB /* Joke.png */; settings = {ASSET_TAGS = (); }; };
		C27C2C731C85990900C80BAB /* News.png in Resources */ = {isa = PBXBuildFile; fileRef = C27C2C6F1C85990900C80BAB /* News.png */; settings = {ASSET_TAGS = (); }; };
		C27C2C761C85AFC300C80BAB /* LCKFirstViewController.m in Sources */ = {isa = PBXBuildFile; fileRef = C27C2C751C85AFC300C80BAB /* LCKFirstViewController.m */; settings = {ASSET_TAGS = (); }; };
		C27C2C781C85B4B600C80BAB /* back_1.png in Resources */ = {isa = PBXBuildFile; fileRef = C27C2C771C85B4B600C80BAB /* back_1.png */; settings = {ASSET_TAGS = (); }; };
		C27C2C7A1C85B5C000C80BAB /* back_2.jpg in Resources */ = {isa = PBXBuildFile; fileRef = C27C2C791C85B5C000C80BAB /* back_2.jpg */; settings = {ASSET_TAGS = (); }; };
		C27C2C7D1C85BB6000C80BAB /* back_3.png in Resources */ = {isa = PBXBuildFile; fileRef = C27C2C7B1C85BB6000C80BAB /* back_3.png */; settings = {ASSET_TAGS = (); }; };
		C27C2C7E1C85BB6000C80BAB /* back_4.png in Resources */ = {isa = PBXBuildFile; fileRef = C27C2C7C1C85BB6000C80BAB /* back_4.png */; settings = {ASSET_TAGS = (); }; };
		C27C2C801C85BFB100C80BAB /* back_5.png in Resources */ = {isa = PBXBuildFile; fileRef = C27C2C7F1C85BFB100C80BAB /* back_5.png */; settings = {ASSET_TAGS = (); }; };
		C27C2C821C85C73000C80BAB /* 3s.png in Resources */ = {isa = PBXBuildFile; fileRef = C27C2C811C85C73000C80BAB /* 3s.png */; settings = {ASSET_TAGS = (); }; };
		C27C2C841C85D42B00C80BAB /* alpha.png in Resources */ = {isa = PBXBuildFile; fileRef = C27C2C831C85D42B00C80BAB /* alpha.png */; settings = {ASSET_TAGS = (); }; };
		C2A618C61C86795A0001BFFC /* SS_JokeViewController.m in Sources */ = {isa = PBXBuildFile; fileRef = C2A618C51C86795A0001BFFC /* SS_JokeViewController.m */; settings = {ASSET_TAGS = (); }; };
		C2A618CC1C8683D20001BFFC /* SS_JokeModel.m in Sources */ = {isa = PBXBuildFile; fileRef = C2A618CB1C8683D20001BFFC /* SS_JokeModel.m */; settings = {ASSET_TAGS = (); }; };
		C2A618CF1C86846F0001BFFC /* SS_JokeManager.m in Sources */ = {isa = PBXBuildFile; fileRef = C2A618CE1C86846F0001BFFC /* SS_JokeManager.m */; settings = {ASSET_TAGS = (); }; };
		C2A618D31C86CA170001BFFC /* SS_JokeTableViewCell.m in Sources */ = {isa = PBXBuildFile; fileRef = C2A618D11C86CA170001BFFC /* SS_JokeTableViewCell.m */; settings = {ASSET_TAGS = (); }; };
		C2A618D41C86CA170001BFFC /* SS_JokeTableViewCell.xib in Resources */ = {isa = PBXBuildFile; fileRef = C2A618D21C86CA170001BFFC /* SS_JokeTableViewCell.xib */; settings = {ASSET_TAGS = (); }; };
		C2A618D61C86CFFE0001BFFC /* SS_JokeBack.png in Resources */ = {isa = PBXBuildFile; fileRef = C2A618D51C86CFFE0001BFFC /* SS_JokeBack.png */; settings = {ASSET_TAGS = (); }; };
		C2A618DA1C86DF3E0001BFFC /* SS_JokeBack_1.png in Resources */ = {isa = PBXBuildFile; fileRef = C2A618D91C86DF3E0001BFFC /* SS_JokeBack_1.png */; settings = {ASSET_TAGS = (); }; };
		C2DD7FAF1C88180C00B7A474 /* MJRefresh.bundle in Resources */ = {isa = PBXBuildFile; fileRef = C2DD7F9F1C88180C00B7A474 /* MJRefresh.bundle */; settings = {ASSET_TAGS = (); }; };
		C2DD7FB01C88180C00B7A474 /* MJRefreshBaseView.m in Sources */ = {isa = PBXBuildFile; fileRef = C2DD7FA21C88180C00B7A474 /* MJRefreshBaseView.m */; settings = {ASSET_TAGS = (); }; };
		C2DD7FB11C88180C00B7A474 /* MJRefreshConst.m in Sources */ = {isa = PBXBuildFile; fileRef = C2DD7FA41C88180C00B7A474 /* MJRefreshConst.m */; settings = {ASSET_TAGS = (); }; };
		C2DD7FB21C88180C00B7A474 /* MJRefreshFooterView.m in Sources */ = {isa = PBXBuildFile; fileRef = C2DD7FA61C88180C00B7A474 /* MJRefreshFooterView.m */; settings = {ASSET_TAGS = (); }; };
		C2DD7FB31C88180C00B7A474 /* MJRefreshHeaderView.m in Sources */ = {isa = PBXBuildFile; fileRef = C2DD7FA81C88180C00B7A474 /* MJRefreshHeaderView.m */; settings = {ASSET_TAGS = (); }; };
		C2DD7FB41C88180C00B7A474 /* UIScrollView+MJExtension.m in Sources */ = {isa = PBXBuildFile; fileRef = C2DD7FAA1C88180C00B7A474 /* UIScrollView+MJExtension.m */; settings = {ASSET_TAGS = (); }; };
		C2DD7FB51C88180C00B7A474 /* UIScrollView+MJRefresh.m in Sources */ = {isa = PBXBuildFile; fileRef = C2DD7FAC1C88180C00B7A474 /* UIScrollView+MJRefresh.m */; settings = {ASSET_TAGS = (); }; };
		C2DD7FB61C88180C00B7A474 /* UIView+MJExtension.m in Sources */ = {isa = PBXBuildFile; fileRef = C2DD7FAE1C88180C00B7A474 /* UIView+MJExtension.m */; settings = {ASSET_TAGS = (); }; };
/* End PBXBuildFile section */

/* Begin PBXFileReference section */
		C27C2C3C1C853E5F00C80BAB /* TriS.app */ = {isa = PBXFileReference; explicitFileType = wrapper.application; includeInIndex = 0; path = TriS.app; sourceTree = BUILT_PRODUCTS_DIR; };
		C27C2C401C853E5F00C80BAB /* main.m */ = {isa = PBXFileReference; lastKnownFileType = sourcecode.c.objc; path = main.m; sourceTree = "<group>"; };
		C27C2C491C853E5F00C80BAB /* Base */ = {isa = PBXFileReference; lastKnownFileType = file.storyboard; name = Base; path = Base.lproj/Main.storyboard; sourceTree = "<group>"; };
		C27C2C4C1C853E5F00C80BAB /* TriS.xcdatamodel */ = {isa = PBXFileReference; lastKnownFileType = wrapper.xcdatamodel; path = TriS.xcdatamodel; sourceTree = "<group>"; };
		C27C2C4E1C853E5F00C80BAB /* Assets.xcassets */ = {isa = PBXFileReference; lastKnownFileType = folder.assetcatalog; path = Assets.xcassets; sourceTree = "<group>"; };
		C27C2C511C853E5F00C80BAB /* Base */ = {isa = PBXFileReference; lastKnownFileType = file.storyboard; name = Base; path = Base.lproj/LaunchScreen.storyboard; sourceTree = "<group>"; };
		C27C2C531C853E5F00C80BAB /* Info.plist */ = {isa = PBXFileReference; lastKnownFileType = text.plist.xml; path = Info.plist; sourceTree = "<group>"; };
		C27C2C5A1C853ED800C80BAB /* AppDelegate.h */ = {isa = PBXFileReference; fileEncoding = 4; lastKnownFileType = sourcecode.c.h; path = AppDelegate.h; sourceTree = "<group>"; };
		C27C2C5B1C853ED800C80BAB /* AppDelegate.m */ = {isa = PBXFileReference; fileEncoding = 4; lastKnownFileType = sourcecode.c.objc; path = AppDelegate.m; sourceTree = "<group>"; };
		C27C2C5D1C853ED800C80BAB /* ViewController.h */ = {isa = PBXFileReference; fileEncoding = 4; lastKnownFileType = sourcecode.c.h; path = ViewController.h; sourceTree = "<group>"; };
		C27C2C5E1C853ED800C80BAB /* ViewController.m */ = {isa = PBXFileReference; fileEncoding = 4; lastKnownFileType = sourcecode.c.objc; path = ViewController.m; sourceTree = "<group>"; };
		C27C2C661C85674700C80BAB /* zhanweitu.jpg */ = {isa = PBXFileReference; lastKnownFileType = image.jpeg; path = zhanweitu.jpg; sourceTree = "<group>"; };
		C27C2C6C1C85990900C80BAB /* Chat.png */ = {isa = PBXFileReference; lastKnownFileType = image.png; path = Chat.png; sourceTree = "<group>"; };
		C27C2C6D1C85990900C80BAB /* Img.png */ = {isa = PBXFileReference; lastKnownFileType = image.png; path = Img.png; sourceTree = "<group>"; };
		C27C2C6E1C85990900C80BAB /* Joke.png */ = {isa = PBXFileReference; lastKnownFileType = image.png; path = Joke.png; sourceTree = "<group>"; };
		C27C2C6F1C85990900C80BAB /* News.png */ = {isa = PBXFileReference; lastKnownFileType = image.png; path = News.png; sourceTree = "<group>"; };
		C27C2C741C85AFC300C80BAB /* LCKFirstViewController.h */ = {isa = PBXFileReference; fileEncoding = 4; lastKnownFileType = sourcecode.c.h; path = LCKFirstViewController.h; sourceTree = "<group>"; };
		C27C2C751C85AFC300C80BAB /* LCKFirstViewController.m */ = {isa = PBXFileReference; fileEncoding = 4; lastKnownFileType = sourcecode.c.objc; path = LCKFirstViewController.m; sourceTree = "<group>"; };
		C27C2C771C85B4B600C80BAB /* back_1.png */ = {isa = PBXFileReference; lastKnownFileType = image.png; name = back_1.png; path = ProImg/back_1.png; sourceTree = "<group>"; };
		C27C2C791C85B5C000C80BAB /* back_2.jpg */ = {isa = PBXFileReference; lastKnownFileType = image.jpeg; path = back_2.jpg; sourceTree = "<group>"; };
		C27C2C7B1C85BB6000C80BAB /* back_3.png */ = {isa = PBXFileReference; lastKnownFileType = image.png; name = back_3.png; path = ProImg/back_3.png; sourceTree = "<group>"; };
		C27C2C7C1C85BB6000C80BAB /* back_4.png */ = {isa = PBXFileReference; lastKnownFileType = image.png; name = back_4.png; path = ProImg/back_4.png; sourceTree = "<group>"; };
		C27C2C7F1C85BFB100C80BAB /* back_5.png */ = {isa = PBXFileReference; lastKnownFileType = image.png; path = back_5.png; sourceTree = "<group>"; };
		C27C2C811C85C73000C80BAB /* 3s.png */ = {isa = PBXFileReference; lastKnownFileType = image.png; path = 3s.png; sourceTree = "<group>"; };
		C27C2C831C85D42B00C80BAB /* alpha.png */ = {isa = PBXFileReference; lastKnownFileType = image.png; path = alpha.png; sourceTree = "<group>"; };
		C2A618C41C86795A0001BFFC /* SS_JokeViewController.h */ = {isa = PBXFileReference; fileEncoding = 4; lastKnownFileType = sourcecode.c.h; path = SS_JokeViewController.h; sourceTree = "<group>"; };
		C2A618C51C86795A0001BFFC /* SS_JokeViewController.m */ = {isa = PBXFileReference; fileEncoding = 4; lastKnownFileType = sourcecode.c.objc; path = SS_JokeViewController.m; sourceTree = "<group>"; };
		C2A618CA1C8683D20001BFFC /* SS_JokeModel.h */ = {isa = PBXFileReference; fileEncoding = 4; lastKnownFileType = sourcecode.c.h; name = SS_JokeModel.h; path = TriS/Controller/SS_JokeModel.h; sourceTree = SOURCE_ROOT; };
		C2A618CB1C8683D20001BFFC /* SS_JokeModel.m */ = {isa = PBXFileReference; fileEncoding = 4; lastKnownFileType = sourcecode.c.objc; name = SS_JokeModel.m; path = TriS/Controller/SS_JokeModel.m; sourceTree = SOURCE_ROOT; };
		C2A618CD1C86846F0001BFFC /* SS_JokeManager.h */ = {isa = PBXFileReference; fileEncoding = 4; lastKnownFileType = sourcecode.c.h; name = SS_JokeManager.h; path = TriS/Controller/SS_JokeManager.h; sourceTree = SOURCE_ROOT; };
		C2A618CE1C86846F0001BFFC /* SS_JokeManager.m */ = {isa = PBXFileReference; fileEncoding = 4; lastKnownFileType = sourcecode.c.objc; name = SS_JokeManager.m; path = TriS/Controller/SS_JokeManager.m; sourceTree = SOURCE_ROOT; };
		C2A618D01C86CA170001BFFC /* SS_JokeTableViewCell.h */ = {isa = PBXFileReference; fileEncoding = 4; lastKnownFileType = sourcecode.c.h; name = SS_JokeTableViewCell.h; path = TriS/Controller/SS_JokeTableViewCell.h; sourceTree = SOURCE_ROOT; };
		C2A618D11C86CA170001BFFC /* SS_JokeTableViewCell.m */ = {isa = PBXFileReference; fileEncoding = 4; lastKnownFileType = sourcecode.c.objc; name = SS_JokeTableViewCell.m; path = TriS/Controller/SS_JokeTableViewCell.m; sourceTree = SOURCE_ROOT; };
		C2A618D21C86CA170001BFFC /* SS_JokeTableViewCell.xib */ = {isa = PBXFileReference; fileEncoding = 4; lastKnownFileType = file.xib; name = SS_JokeTableViewCell.xib; path = TriS/Controller/SS_JokeTableViewCell.xib; sourceTree = SOURCE_ROOT; };
		C2A618D51C86CFFE0001BFFC /* SS_JokeBack.png */ = {isa = PBXFileReference; lastKnownFileType = image.png; path = SS_JokeBack.png; sourceTree = "<group>"; };
		C2A618D91C86DF3E0001BFFC /* SS_JokeBack_1.png */ = {isa = PBXFileReference; lastKnownFileType = image.png; path = SS_JokeBack_1.png; sourceTree = "<group>"; };
		C2DD7F9F1C88180C00B7A474 /* MJRefresh.bundle */ = {isa = PBXFileReference; lastKnownFileType = "wrapper.plug-in"; path = MJRefresh.bundle; sourceTree = "<group>"; };
		C2DD7FA01C88180C00B7A474 /* MJRefresh.h */ = {isa = PBXFileReference; fileEncoding = 4; lastKnownFileType = sourcecode.c.h; path = MJRefresh.h; sourceTree = "<group>"; };
		C2DD7FA11C88180C00B7A474 /* MJRefreshBaseView.h */ = {isa = PBXFileReference; fileEncoding = 4; lastKnownFileType = sourcecode.c.h; path = MJRefreshBaseView.h; sourceTree = "<group>"; };
		C2DD7FA21C88180C00B7A474 /* MJRefreshBaseView.m */ = {isa = PBXFileReference; fileEncoding = 4; lastKnownFileType = sourcecode.c.objc; path = MJRefreshBaseView.m; sourceTree = "<group>"; };
		C2DD7FA31C88180C00B7A474 /* MJRefreshConst.h */ = {isa = PBXFileReference; fileEncoding = 4; lastKnownFileType = sourcecode.c.h; path = MJRefreshConst.h; sourceTree = "<group>"; };
		C2DD7FA41C88180C00B7A474 /* MJRefreshConst.m */ = {isa = PBXFileReference; fileEncoding = 4; lastKnownFileType = sourcecode.c.objc; path = MJRefreshConst.m; sourceTree = "<group>"; };
		C2DD7FA51C88180C00B7A474 /* MJRefreshFooterView.h */ = {isa = PBXFileReference; fileEncoding = 4; lastKnownFileType = sourcecode.c.h; path = MJRefreshFooterView.h; sourceTree = "<group>"; };
		C2DD7FA61C88180C00B7A474 /* MJRefreshFooterView.m */ = {isa = PBXFileReference; fileEncoding = 4; lastKnownFileType = sourcecode.c.objc; path = MJRefreshFooterView.m; sourceTree = "<group>"; };
		C2DD7FA71C88180C00B7A474 /* MJRefreshHeaderView.h */ = {isa = PBXFileReference; fileEncoding = 4; lastKnownFileType = sourcecode.c.h; path = MJRefreshHeaderView.h; sourceTree = "<group>"; };
		C2DD7FA81C88180C00B7A474 /* MJRefreshHeaderView.m */ = {isa = PBXFileReference; fileEncoding = 4; lastKnownFileType = sourcecode.c.objc; path = MJRefreshHeaderView.m; sourceTree = "<group>"; };
		C2DD7FA91C88180C00B7A474 /* UIScrollView+MJExtension.h */ = {isa = PBXFileReference; fileEncoding = 4; lastKnownFileType = sourcecode.c.h; path = "UIScrollView+MJExtension.h"; sourceTree = "<group>"; };
		C2DD7FAA1C88180C00B7A474 /* UIScrollView+MJExtension.m */ = {isa = PBXFileReference; fileEncoding = 4; lastKnownFileType = sourcecode.c.objc; path = "UIScrollView+MJExtension.m"; sourceTree = "<group>"; };
		C2DD7FAB1C88180C00B7A474 /* UIScrollView+MJRefresh.h */ = {isa = PBXFileReference; fileEncoding = 4; lastKnownFileType = sourcecode.c.h; path = "UIScrollView+MJRefresh.h"; sourceTree = "<group>"; };
		C2DD7FAC1C88180C00B7A474 /* UIScrollView+MJRefresh.m */ = {isa = PBXFileReference; fileEncoding = 4; lastKnownFileType = sourcecode.c.objc; path = "UIScrollView+MJRefresh.m"; sourceTree = "<group>"; };
		C2DD7FAD1C88180C00B7A474 /* UIView+MJExtension.h */ = {isa = PBXFileReference; fileEncoding = 4; lastKnownFileType = sourcecode.c.h; path = "UIView+MJExtension.h"; sourceTree = "<group>"; };
		C2DD7FAE1C88180C00B7A474 /* UIView+MJExtension.m */ = {isa = PBXFileReference; fileEncoding = 4; lastKnownFileType = sourcecode.c.objc; path = "UIView+MJExtension.m"; sourceTree = "<group>"; };
/* End PBXFileReference section */

/* Begin PBXFrameworksBuildPhase section */
		C27C2C391C853E5F00C80BAB /* Frameworks */ = {
			isa = PBXFrameworksBuildPhase;
			buildActionMask = 2147483647;
			files = (
			);
			runOnlyForDeploymentPostprocessing = 0;
		};
/* End PBXFrameworksBuildPhase section */

/* Begin PBXGroup section */
		C27C2C331C853E5F00C80BAB = {
			isa = PBXGroup;
			children = (
				C27C2C3E1C853E5F00C80BAB /* TriS */,
				C27C2C3D1C853E5F00C80BAB /* Products */,
			);
			sourceTree = "<group>";
		};
		C27C2C3D1C853E5F00C80BAB /* Products */ = {
			isa = PBXGroup;
			children = (
				C27C2C3C1C853E5F00C80BAB /* TriS.app */,
			);
			name = Products;
			sourceTree = "<group>";
		};
		C27C2C3E1C853E5F00C80BAB /* TriS */ = {
			isa = PBXGroup;
			children = (
				C2DD7F9E1C88180C00B7A474 /* MJRefresh */,
				C27C2C591C853ED800C80BAB /* App */,
				C27C2C601C853ED800C80BAB /* Manager */,
				C27C2C621C853ED800C80BAB /* View */,
				C27C2C5C1C853ED800C80BAB /* Controller */,
				C27C2C5F1C853ED800C80BAB /* Data */,
				C27C2C611C853ED800C80BAB /* Singleton */,
				C27C2C651C85673500C80BAB /* Sources */,
				C27C2C481C853E5F00C80BAB /* Main.storyboard */,
				C27C2C4E1C853E5F00C80BAB /* Assets.xcassets */,
				C27C2C501C853E5F00C80BAB /* LaunchScreen.storyboard */,
				C27C2C531C853E5F00C80BAB /* Info.plist */,
				C27C2C4B1C853E5F00C80BAB /* TriS.xcdatamodeld */,
				C27C2C3F1C853E5F00C80BAB /* Supporting Files */,
			);
			path = TriS;
			sourceTree = "<group>";
		};
		C27C2C3F1C853E5F00C80BAB /* Supporting Files */ = {
			isa = PBXGroup;
			children = (
				C27C2C401C853E5F00C80BAB /* main.m */,
			);
			name = "Supporting Files";
			sourceTree = "<group>";
		};
		C27C2C591C853ED800C80BAB /* App */ = {
			isa = PBXGroup;
			children = (
				C27C2C5A1C853ED800C80BAB /* AppDelegate.h */,
				C27C2C5B1C853ED800C80BAB /* AppDelegate.m */,
			);
			path = App;
			sourceTree = "<group>";
		};
		C27C2C5C1C853ED800C80BAB /* Controller */ = {
			isa = PBXGroup;
			children = (
				C27C2C5D1C853ED800C80BAB /* ViewController.h */,
				C27C2C5E1C853ED800C80BAB /* ViewController.m */,
				C27C2C741C85AFC300C80BAB /* LCKFirstViewController.h */,
				C27C2C751C85AFC300C80BAB /* LCKFirstViewController.m */,
				C2A618C41C86795A0001BFFC /* SS_JokeViewController.h */,
				C2A618C51C86795A0001BFFC /* SS_JokeViewController.m */,
			);
			path = Controller;
			sourceTree = "<group>";
		};
		C27C2C5F1C853ED800C80BAB /* Data */ = {
			isa = PBXGroup;
			children = (
				C2A618CA1C8683D20001BFFC /* SS_JokeModel.h */,
				C2A618CB1C8683D20001BFFC /* SS_JokeModel.m */,
			);
			path = Data;
			sourceTree = "<group>";
		};
		C27C2C601C853ED800C80BAB /* Manager */ = {
			isa = PBXGroup;
			children = (
				C2A618CD1C86846F0001BFFC /* SS_JokeManager.h */,
				C2A618CE1C86846F0001BFFC /* SS_JokeManager.m */,
			);
			path = Manager;
			sourceTree = "<group>";
		};
		C27C2C611C853ED800C80BAB /* Singleton */ = {
			isa = PBXGroup;
			children = (
			);
			path = Singleton;
			sourceTree = "<group>";
		};
		C27C2C621C853ED800C80BAB /* View */ = {
			isa = PBXGroup;
			children = (
				C2A618D01C86CA170001BFFC /* SS_JokeTableViewCell.h */,
				C2A618D11C86CA170001BFFC /* SS_JokeTableViewCell.m */,
				C2A618D21C86CA170001BFFC /* SS_JokeTableViewCell.xib */,
			);
			path = View;
			sourceTree = "<group>";
		};
		C27C2C651C85673500C80BAB /* Sources */ = {
			isa = PBXGroup;
			children = (
				C27C2C831C85D42B00C80BAB /* alpha.png */,
				C27C2C811C85C73000C80BAB /* 3s.png */,
				C27C2C6B1C85990900C80BAB /* ProImg */,
				C27C2C771C85B4B600C80BAB /* back_1.png */,
				C27C2C7B1C85BB6000C80BAB /* back_3.png */,
				C27C2C7C1C85BB6000C80BAB /* back_4.png */,
				C27C2C7F1C85BFB100C80BAB /* back_5.png */,
				C27C2C661C85674700C80BAB /* zhanweitu.jpg */,
				C27C2C791C85B5C000C80BAB /* back_2.jpg */,
			);
			path = Sources;
			sourceTree = "<group>";
		};
		C27C2C6B1C85990900C80BAB /* ProImg */ = {
			isa = PBXGroup;
			children = (
				C27C2C6C1C85990900C80BAB /* Chat.png */,
				C27C2C6D1C85990900C80BAB /* Img.png */,
				C27C2C6E1C85990900C80BAB /* Joke.png */,
				C27C2C6F1C85990900C80BAB /* News.png */,
				C2A618D51C86CFFE0001BFFC /* SS_JokeBack.png */,
				C2A618D91C86DF3E0001BFFC /* SS_JokeBack_1.png */,
			);
			path = ProImg;
			sourceTree = "<group>";
		};
		C2DD7F9E1C88180C00B7A474 /* MJRefresh */ = {
			isa = PBXGroup;
			children = (
				C2DD7F9F1C88180C00B7A474 /* MJRefresh.bundle */,
				C2DD7FA01C88180C00B7A474 /* MJRefresh.h */,
				C2DD7FA11C88180C00B7A474 /* MJRefreshBaseView.h */,
				C2DD7FA21C88180C00B7A474 /* MJRefreshBaseView.m */,
				C2DD7FA31C88180C00B7A474 /* MJRefreshConst.h */,
				C2DD7FA41C88180C00B7A474 /* MJRefreshConst.m */,
				C2DD7FA51C88180C00B7A474 /* MJRefreshFooterView.h */,
				C2DD7FA61C88180C00B7A474 /* MJRefreshFooterView.m */,
				C2DD7FA71C88180C00B7A474 /* MJRefreshHeaderView.h */,
				C2DD7FA81C88180C00B7A474 /* MJRefreshHeaderView.m */,
				C2DD7FA91C88180C00B7A474 /* UIScrollView+MJExtension.h */,
				C2DD7FAA1C88180C00B7A474 /* UIScrollView+MJExtension.m */,
				C2DD7FAB1C88180C00B7A474 /* UIScrollView+MJRefresh.h */,
				C2DD7FAC1C88180C00B7A474 /* UIScrollView+MJRefresh.m */,
				C2DD7FAD1C88180C00B7A474 /* UIView+MJExtension.h */,
				C2DD7FAE1C88180C00B7A474 /* UIView+MJExtension.m */,
			);
			path = MJRefresh;
			sourceTree = "<group>";
		};
/* End PBXGroup section */

/* Begin PBXNativeTarget section */
		C27C2C3B1C853E5F00C80BAB /* TriS */ = {
			isa = PBXNativeTarget;
			buildConfigurationList = C27C2C561C853E5F00C80BAB /* Build configuration list for PBXNativeTarget "TriS" */;
			buildPhases = (
				C27C2C381C853E5F00C80BAB /* Sources */,
				C27C2C391C853E5F00C80BAB /* Frameworks */,
				C27C2C3A1C853E5F00C80BAB /* Resources */,
			);
			buildRules = (
			);
			dependencies = (
			);
			name = TriS;
			productName = TriS;
			productReference = C27C2C3C1C853E5F00C80BAB /* TriS.app */;
			productType = "com.apple.product-type.application";
		};
/* End PBXNativeTarget section */

/* Begin PBXProject section */
		C27C2C341C853E5F00C80BAB /* Project object */ = {
			isa = PBXProject;
			attributes = {
				LastUpgradeCheck = 0700;
				ORGANIZATIONNAME = 3Singles;
				TargetAttributes = {
					C27C2C3B1C853E5F00C80BAB = {
						CreatedOnToolsVersion = 7.0;
					};
				};
			};
			buildConfigurationList = C27C2C371C853E5F00C80BAB /* Build configuration list for PBXProject "TriS" */;
			compatibilityVersion = "Xcode 3.2";
			developmentRegion = English;
			hasScannedForEncodings = 0;
			knownRegions = (
				en,
				Base,
			);
			mainGroup = C27C2C331C853E5F00C80BAB;
			productRefGroup = C27C2C3D1C853E5F00C80BAB /* Products */;
			projectDirPath = "";
			projectRoot = "";
			targets = (
				C27C2C3B1C853E5F00C80BAB /* TriS */,
			);
		};
/* End PBXProject section */

/* Begin PBXResourcesBuildPhase section */
		C27C2C3A1C853E5F00C80BAB /* Resources */ = {
			isa = PBXResourcesBuildPhase;
			buildActionMask = 2147483647;
			files = (
				C27C2C731C85990900C80BAB /* News.png in Resources */,
				C27C2C821C85C73000C80BAB /* 3s.png in Resources */,
				C27C2C721C85990900C80BAB /* Joke.png in Resources */,
				C27C2C521C853E5F00C80BAB /* LaunchScreen.storyboard in Resources */,
				C2DD7FAF1C88180C00B7A474 /* MJRefresh.bundle in Resources */,
				C27C2C801C85BFB100C80BAB /* back_5.png in Resources */,
				C27C2C4F1C853E5F00C80BAB /* Assets.xcassets in Resources */,
				C27C2C701C85990900C80BAB /* Chat.png in Resources */,
				C27C2C7E1C85BB6000C80BAB /* back_4.png in Resources */,
				C2A618D61C86CFFE0001BFFC /* SS_JokeBack.png in Resources */,
				C27C2C841C85D42B00C80BAB /* alpha.png in Resources */,
				C27C2C781C85B4B600C80BAB /* back_1.png in Resources */,
				C2A618D41C86CA170001BFFC /* SS_JokeTableViewCell.xib in Resources */,
				C27C2C711C85990900C80BAB /* Img.png in Resources */,
				C27C2C671C85674700C80BAB /* zhanweitu.jpg in Resources */,
				C27C2C4A1C853E5F00C80BAB /* Main.storyboard in Resources */,
				C27C2C7A1C85B5C000C80BAB /* back_2.jpg in Resources */,
				C27C2C7D1C85BB6000C80BAB /* back_3.png in Resources */,
				C2A618DA1C86DF3E0001BFFC /* SS_JokeBack_1.png in Resources */,
			);
			runOnlyForDeploymentPostprocessing = 0;
		};
/* End PBXResourcesBuildPhase section */

/* Begin PBXSourcesBuildPhase section */
		C27C2C381C853E5F00C80BAB /* Sources */ = {
			isa = PBXSourcesBuildPhase;
			buildActionMask = 2147483647;
			files = (
				C2DD7FB21C88180C00B7A474 /* MJRefreshFooterView.m in Sources */,
				C2A618CC1C8683D20001BFFC /* SS_JokeModel.m in Sources */,
				C2DD7FB41C88180C00B7A474 /* UIScrollView+MJExtension.m in Sources */,
				C27C2C411C853E5F00C80BAB /* main.m in Sources */,
				C2A618C61C86795A0001BFFC /* SS_JokeViewController.m in Sources */,
				C27C2C4D1C853E5F00C80BAB /* TriS.xcdatamodeld in Sources */,
				C2A618CF1C86846F0001BFFC /* SS_JokeManager.m in Sources */,
				C2DD7FB61C88180C00B7A474 /* UIView+MJExtension.m in Sources */,
				C2A618D31C86CA170001BFFC /* SS_JokeTableViewCell.m in Sources */,
				C2DD7FB51C88180C00B7A474 /* UIScrollView+MJRefresh.m in Sources */,
				C27C2C641C853ED800C80BAB /* ViewController.m in Sources */,
				C27C2C761C85AFC300C80BAB /* LCKFirstViewController.m in Sources */,
				C2DD7FB11C88180C00B7A474 /* MJRefreshConst.m in Sources */,
				C2DD7FB01C88180C00B7A474 /* MJRefreshBaseView.m in Sources */,
				C2DD7FB31C88180C00B7A474 /* MJRefreshHeaderView.m in Sources */,
				C27C2C631C853ED800C80BAB /* AppDelegate.m in Sources */,
			);
			runOnlyForDeploymentPostprocessing = 0;
		};
/* End PBXSourcesBuildPhase section */

/* Begin PBXVariantGroup section */
		C27C2C481C853E5F00C80BAB /* Main.storyboard */ = {
			isa = PBXVariantGroup;
			children = (
				C27C2C491C853E5F00C80BAB /* Base */,
			);
			name = Main.storyboard;
			sourceTree = "<group>";
		};
		C27C2C501C853E5F00C80BAB /* LaunchScreen.storyboard */ = {
			isa = PBXVariantGroup;
			children = (
				C27C2C511C853E5F00C80BAB /* Base */,
			);
			name = LaunchScreen.storyboard;
			sourceTree = "<group>";
		};
/* End PBXVariantGroup section */

/* Begin XCBuildConfiguration section */
		C27C2C541C853E5F00C80BAB /* Debug */ = {
			isa = XCBuildConfiguration;
			buildSettings = {
				ALWAYS_SEARCH_USER_PATHS = NO;
				CLANG_CXX_LANGUAGE_STANDARD = "gnu++0x";
				CLANG_CXX_LIBRARY = "libc++";
				CLANG_ENABLE_MODULES = YES;
				CLANG_ENABLE_OBJC_ARC = YES;
				CLANG_WARN_BOOL_CONVERSION = YES;
				CLANG_WARN_CONSTANT_CONVERSION = YES;
				CLANG_WARN_DIRECT_OBJC_ISA_USAGE = YES_ERROR;
				CLANG_WARN_EMPTY_BODY = YES;
				CLANG_WARN_ENUM_CONVERSION = YES;
				CLANG_WARN_INT_CONVERSION = YES;
				CLANG_WARN_OBJC_ROOT_CLASS = YES_ERROR;
				CLANG_WARN_UNREACHABLE_CODE = YES;
				CLANG_WARN__DUPLICATE_METHOD_MATCH = YES;
				"CODE_SIGN_IDENTITY[sdk=iphoneos*]" = "iPhone Developer";
				COPY_PHASE_STRIP = NO;
				DEBUG_INFORMATION_FORMAT = dwarf;
				ENABLE_STRICT_OBJC_MSGSEND = YES;
				ENABLE_TESTABILITY = YES;
				GCC_C_LANGUAGE_STANDARD = gnu99;
				GCC_DYNAMIC_NO_PIC = NO;
				GCC_NO_COMMON_BLOCKS = YES;
				GCC_OPTIMIZATION_LEVEL = 0;
				GCC_PREPROCESSOR_DEFINITIONS = (
					"DEBUG=1",
					"$(inherited)",
				);
				GCC_WARN_64_TO_32_BIT_CONVERSION = YES;
				GCC_WARN_ABOUT_RETURN_TYPE = YES_ERROR;
				GCC_WARN_UNDECLARED_SELECTOR = YES;
				GCC_WARN_UNINITIALIZED_AUTOS = YES_AGGRESSIVE;
				GCC_WARN_UNUSED_FUNCTION = YES;
				GCC_WARN_UNUSED_VARIABLE = YES;
				IPHONEOS_DEPLOYMENT_TARGET = 9.0;
				MTL_ENABLE_DEBUG_INFO = YES;
				ONLY_ACTIVE_ARCH = YES;
				SDKROOT = iphoneos;
			};
			name = Debug;
		};
		C27C2C551C853E5F00C80BAB /* Release */ = {
			isa = XCBuildConfiguration;
			buildSettings = {
				ALWAYS_SEARCH_USER_PATHS = NO;
				CLANG_CXX_LANGUAGE_STANDARD = "gnu++0x";
				CLANG_CXX_LIBRARY = "libc++";
				CLANG_ENABLE_MODULES = YES;
				CLANG_ENABLE_OBJC_ARC = YES;
				CLANG_WARN_BOOL_CONVERSION = YES;
				CLANG_WARN_CONSTANT_CONVERSION = YES;
				CLANG_WARN_DIRECT_OBJC_ISA_USAGE = YES_ERROR;
				CLANG_WARN_EMPTY_BODY = YES;
				CLANG_WARN_ENUM_CONVERSION = YES;
				CLANG_WARN_INT_CONVERSION = YES;
				CLANG_WARN_OBJC_ROOT_CLASS = YES_ERROR;
				CLANG_WARN_UNREACHABLE_CODE = YES;
				CLANG_WARN__DUPLICATE_METHOD_MATCH = YES;
				"CODE_SIGN_IDENTITY[sdk=iphoneos*]" = "iPhone Developer";
				COPY_PHASE_STRIP = NO;
				DEBUG_INFORMATION_FORMAT = "dwarf-with-dsym";
				ENABLE_NS_ASSERTIONS = NO;
				ENABLE_STRICT_OBJC_MSGSEND = YES;
				GCC_C_LANGUAGE_STANDARD = gnu99;
				GCC_NO_COMMON_BLOCKS = YES;
				GCC_WARN_64_TO_32_BIT_CONVERSION = YES;
				GCC_WARN_ABOUT_RETURN_TYPE = YES_ERROR;
				GCC_WARN_UNDECLARED_SELECTOR = YES;
				GCC_WARN_UNINITIALIZED_AUTOS = YES_AGGRESSIVE;
				GCC_WARN_UNUSED_FUNCTION = YES;
				GCC_WARN_UNUSED_VARIABLE = YES;
				IPHONEOS_DEPLOYMENT_TARGET = 9.0;
				MTL_ENABLE_DEBUG_INFO = NO;
				SDKROOT = iphoneos;
				VALIDATE_PRODUCT = YES;
			};
			name = Release;
		};
		C27C2C571C853E5F00C80BAB /* Debug */ = {
			isa = XCBuildConfiguration;
			buildSettings = {
				ASSETCATALOG_COMPILER_APPICON_NAME = AppIcon;
				ENABLE_STRICT_OBJC_MSGSEND = NO;
				INFOPLIST_FILE = TriS/Info.plist;
				LD_RUNPATH_SEARCH_PATHS = "$(inherited) @executable_path/Frameworks";
				PRODUCT_BUNDLE_IDENTIFIER = com.3Singles.www.TriS;
				PRODUCT_NAME = "$(TARGET_NAME)";
			};
			name = Debug;
		};
		C27C2C581C853E5F00C80BAB /* Release */ = {
			isa = XCBuildConfiguration;
			buildSettings = {
				ASSETCATALOG_COMPILER_APPICON_NAME = AppIcon;
				ENABLE_STRICT_OBJC_MSGSEND = NO;
				INFOPLIST_FILE = TriS/Info.plist;
				LD_RUNPATH_SEARCH_PATHS = "$(inherited) @executable_path/Frameworks";
				PRODUCT_BUNDLE_IDENTIFIER = com.3Singles.www.TriS;
				PRODUCT_NAME = "$(TARGET_NAME)";
			};
			name = Release;
		};
/* End XCBuildConfiguration section */

/* Begin XCConfigurationList section */
		C27C2C371C853E5F00C80BAB /* Build configuration list for PBXProject "TriS" */ = {
			isa = XCConfigurationList;
			buildConfigurations = (
				C27C2C541C853E5F00C80BAB /* Debug */,
				C27C2C551C853E5F00C80BAB /* Release */,
			);
			defaultConfigurationIsVisible = 0;
			defaultConfigurationName = Release;
		};
		C27C2C561C853E5F00C80BAB /* Build configuration list for PBXNativeTarget "TriS" */ = {
			isa = XCConfigurationList;
			buildConfigurations = (
				C27C2C571C853E5F00C80BAB /* Debug */,
				C27C2C581C853E5F00C80BAB /* Release */,
			);
			defaultConfigurationIsVisible = 0;
			defaultConfigurationName = Release;
		};
/* End XCConfigurationList section */

/* Begin XCVersionGroup section */
		C27C2C4B1C853E5F00C80BAB /* TriS.xcdatamodeld */ = {
			isa = XCVersionGroup;
			children = (
				C27C2C4C1C853E5F00C80BAB /* TriS.xcdatamodel */,
			);
			currentVersion = C27C2C4C1C853E5F00C80BAB /* TriS.xcdatamodel */;
			path = TriS.xcdatamodeld;
			sourceTree = "<group>";
			versionGroupType = wrapper.xcdatamodel;
		};
/* End XCVersionGroup section */
	};
	rootObject = C27C2C341C853E5F00C80BAB /* Project object */;
}
